
Microsoft Visual Studio Solution File, Format Version 12.00
# Visual Studio Version 17
VisualStudioVersion = 17.11.35303.130
MinimumVisualStudioVersion = 10.0.40219.1
Project("{9A19103F-16F7-4668-BE54-9A1E7A4F7556}") = "BTL VST", "BTL VST\BTL VST.csproj", "{D2F0F4C6-A77D-4CB8-A3A0-E86BEB90590F}"
EndProject
Project("{FAE04EC0-301F-11D3-BF4B-00C04F79EFBC}") = "KTPM", "KTPM\KTPM.csproj", "{8FB395E9-9E29-46D3-8C6E-BA8F6A25DDAE}"
EndProject
Global
	GlobalSection(SolutionConfigurationPlatforms) = preSolution
		Debug|Any CPU = Debug|Any CPU
		Release|Any CPU = Release|Any CPU
	EndGlobalSection
	GlobalSection(ProjectConfigurationPlatforms) = postSolution
		{D2F0F4C6-A77D-4CB8-A3A0-E86BEB90590F}.Debug|Any CPU.ActiveCfg = Debug|Any CPU
		{D2F0F4C6-A77D-4CB8-A3A0-E86BEB90590F}.Debug|Any CPU.Build.0 = Debug|Any CPU
		{D2F0F4C6-A77D-4CB8-A3A0-E86BEB90590F}.Release|Any CPU.ActiveCfg = Release|Any CPU
		{D2F0F4C6-A77D-4CB8-A3A0-E86BEB90590F}.Release|Any CPU.Build.0 = Release|Any CPU
		{8FB395E9-9E29-46D3-8C6E-BA8F6A25DDAE}.Debug|Any CPU.ActiveCfg = Debug|Any CPU
		{8FB395E9-9E29-46D3-8C6E-BA8F6A25DDAE}.Debug|Any CPU.Build.0 = Debug|Any CPU
		{8FB395E9-9E29-46D3-8C6E-BA8F6A25DDAE}.Release|Any CPU.ActiveCfg = Release|Any CPU
		{8FB395E9-9E29-46D3-8C6E-BA8F6A25DDAE}.Release|Any CPU.Build.0 = Release|Any CPU
	EndGlobalSection
	GlobalSection(SolutionProperties) = preSolution
		HideSolutionNode = FALSE
	EndGlobalSection
	GlobalSection(ExtensibilityGlobals) = postSolution
		SolutionGuid = {1C9C14B2-AA88-4B79-B483-E44CAEA76319}
	EndGlobalSection
EndGlobal
